
Microsoft Visual Studio Solution File, Format Version 12.00
# Visual Studio Version 16
VisualStudioVersion = 16.0.30907.101
MinimumVisualStudioVersion = 15.0.26124.0
Project("{2150E333-8FDC-42A3-9474-1A3956D46DE8}") = "Tools", "Tools", "{542C6C2F-B3C7-4D33-A6DA-C02C1DE15125}"
EndProject
Project("{FAE04EC0-301F-11D3-BF4B-00C04F79EFBC}") = "Generate", "Tools\Generate\Generate.csproj", "{148E7747-BF3F-4462-899D-5661CDB6FF04}"
EndProject
Project("{2150E333-8FDC-42A3-9474-1A3956D46DE8}") = "Environments", "Environments", "{4850D49A-8593-4252-AAED-AB527E643807}"
EndProject
Project("{FAE04EC0-301F-11D3-BF4B-00C04F79EFBC}") = "Windows", "Environments\Windows\Windows.csproj", "{197126F5-DC70-47F6-AFE8-217159330F9E}"
EndProject
Project("{2150E333-8FDC-42A3-9474-1A3956D46DE8}") = "Drivers", "Drivers", "{3049D991-617A-42F2-92D1-7FCD6DB14C23}"
EndProject
Project("{FAE04EC0-301F-11D3-BF4B-00C04F79EFBC}") = "WinForms", "Drivers\WinForms\WinForms.csproj", "{B1509D82-BE4B-4EB2-A98D-EE0039D673BB}"
EndProject
Project("{FAE04EC0-301F-11D3-BF4B-00C04F79EFBC}") = "CmdLine", "Drivers\CmdLine\CmdLine.csproj", "{D6E75F6A-847D-4829-8A81-2A6D0002591F}"
EndProject
Project("{FAE04EC0-301F-11D3-BF4B-00C04F79EFBC}") = "ToolBuilder", "Tools\ToolBuilder\ToolBuilder.csproj", "{6324EC5F-1EF3-407C-9569-19110269D5A9}"
EndProject
Project("{9A19103F-16F7-4668-BE54-9A1E7A4F7556}") = "Xslt", "Tools\Xslt\Xslt.csproj", "{5C4B1901-0961-4626-B16C-EC62A1AAAFEA}"
EndProject
Project("{9A19103F-16F7-4668-BE54-9A1E7A4F7556}") = "SysV", "Environments\SysV\SysV.csproj", "{8642705B-D4A8-4279-9F64-E8C92AA004FF}"
EndProject
Project("{2150E333-8FDC-42A3-9474-1A3956D46DE8}") = "Tests", "Tests", "{384F653F-F958-409E-864B-1D301D5FE0B6}"
EndProject
Project("{FAE04EC0-301F-11D3-BF4B-00C04F79EFBC}") = "UnitTests", "Tests\UnitTests\UnitTests.csproj", "{C756C246-360D-45EA-BD89-FAC5EA3982C3}"
EndProject
Project("{9A19103F-16F7-4668-BE54-9A1E7A4F7556}") = "Core", "Core\Core.csproj", "{5C51582D-A0AD-4ACF-BC6D-4424F1BA2037}"
EndProject
Global
	GlobalSection(SolutionConfigurationPlatforms) = preSolution
		Debug|Any CPU = Debug|Any CPU
		Debug|x64 = Debug|x64
		Debug|x86 = Debug|x86
		Release|Any CPU = Release|Any CPU
		Release|x64 = Release|x64
		Release|x86 = Release|x86
	EndGlobalSection
	GlobalSection(ProjectConfigurationPlatforms) = postSolution
		{148E7747-BF3F-4462-899D-5661CDB6FF04}.Debug|Any CPU.ActiveCfg = Debug|Any CPU
		{148E7747-BF3F-4462-899D-5661CDB6FF04}.Debug|Any CPU.Build.0 = Debug|Any CPU
		{148E7747-BF3F-4462-899D-5661CDB6FF04}.Debug|x64.ActiveCfg = Debug|Any CPU
		{148E7747-BF3F-4462-899D-5661CDB6FF04}.Debug|x64.Build.0 = Debug|Any CPU
		{148E7747-BF3F-4462-899D-5661CDB6FF04}.Debug|x86.ActiveCfg = Debug|Any CPU
		{148E7747-BF3F-4462-899D-5661CDB6FF04}.Debug|x86.Build.0 = Debug|Any CPU
		{148E7747-BF3F-4462-899D-5661CDB6FF04}.Release|Any CPU.ActiveCfg = Release|Any CPU
		{148E7747-BF3F-4462-899D-5661CDB6FF04}.Release|Any CPU.Build.0 = Release|Any CPU
		{148E7747-BF3F-4462-899D-5661CDB6FF04}.Release|x64.ActiveCfg = Release|Any CPU
		{148E7747-BF3F-4462-899D-5661CDB6FF04}.Release|x64.Build.0 = Release|Any CPU
		{148E7747-BF3F-4462-899D-5661CDB6FF04}.Release|x86.ActiveCfg = Release|Any CPU
		{148E7747-BF3F-4462-899D-5661CDB6FF04}.Release|x86.Build.0 = Release|Any CPU
		{197126F5-DC70-47F6-AFE8-217159330F9E}.Debug|Any CPU.ActiveCfg = Debug|Any CPU
		{197126F5-DC70-47F6-AFE8-217159330F9E}.Debug|Any CPU.Build.0 = Debug|Any CPU
		{197126F5-DC70-47F6-AFE8-217159330F9E}.Debug|x64.ActiveCfg = Debug|Any CPU
		{197126F5-DC70-47F6-AFE8-217159330F9E}.Debug|x64.Build.0 = Debug|Any CPU
		{197126F5-DC70-47F6-AFE8-217159330F9E}.Debug|x86.ActiveCfg = Debug|Any CPU
		{197126F5-DC70-47F6-AFE8-217159330F9E}.Debug|x86.Build.0 = Debug|Any CPU
		{197126F5-DC70-47F6-AFE8-217159330F9E}.Release|Any CPU.ActiveCfg = Release|Any CPU
		{197126F5-DC70-47F6-AFE8-217159330F9E}.Release|Any CPU.Build.0 = Release|Any CPU
		{197126F5-DC70-47F6-AFE8-217159330F9E}.Release|x64.ActiveCfg = Release|Any CPU
		{197126F5-DC70-47F6-AFE8-217159330F9E}.Release|x64.Build.0 = Release|Any CPU
		{197126F5-DC70-47F6-AFE8-217159330F9E}.Release|x86.ActiveCfg = Release|Any CPU
		{197126F5-DC70-47F6-AFE8-217159330F9E}.Release|x86.Build.0 = Release|Any CPU
		{B1509D82-BE4B-4EB2-A98D-EE0039D673BB}.Debug|Any CPU.ActiveCfg = Debug|Any CPU
		{B1509D82-BE4B-4EB2-A98D-EE0039D673BB}.Debug|Any CPU.Build.0 = Debug|Any CPU
		{B1509D82-BE4B-4EB2-A98D-EE0039D673BB}.Debug|x64.ActiveCfg = Debug|x64
		{B1509D82-BE4B-4EB2-A98D-EE0039D673BB}.Debug|x64.Build.0 = Debug|x64
		{B1509D82-BE4B-4EB2-A98D-EE0039D673BB}.Debug|x86.ActiveCfg = Debug|Any CPU
		{B1509D82-BE4B-4EB2-A98D-EE0039D673BB}.Debug|x86.Build.0 = Debug|Any CPU
		{B1509D82-BE4B-4EB2-A98D-EE0039D673BB}.Release|Any CPU.ActiveCfg = Release|Any CPU
		{B1509D82-BE4B-4EB2-A98D-EE0039D673BB}.Release|Any CPU.Build.0 = Release|Any CPU
		{B1509D82-BE4B-4EB2-A98D-EE0039D673BB}.Release|x64.ActiveCfg = Release|Any CPU
		{B1509D82-BE4B-4EB2-A98D-EE0039D673BB}.Release|x64.Build.0 = Release|Any CPU
		{B1509D82-BE4B-4EB2-A98D-EE0039D673BB}.Release|x86.ActiveCfg = Release|Any CPU
		{B1509D82-BE4B-4EB2-A98D-EE0039D673BB}.Release|x86.Build.0 = Release|Any CPU
		{D6E75F6A-847D-4829-8A81-2A6D0002591F}.Debug|Any CPU.ActiveCfg = Debug|Any CPU
		{D6E75F6A-847D-4829-8A81-2A6D0002591F}.Debug|Any CPU.Build.0 = Debug|Any CPU
		{D6E75F6A-847D-4829-8A81-2A6D0002591F}.Debug|x64.ActiveCfg = Debug|x64
		{D6E75F6A-847D-4829-8A81-2A6D0002591F}.Debug|x64.Build.0 = Debug|x64
		{D6E75F6A-847D-4829-8A81-2A6D0002591F}.Debug|x86.ActiveCfg = Debug|Any CPU
		{D6E75F6A-847D-4829-8A81-2A6D0002591F}.Debug|x86.Build.0 = Debug|Any CPU
		{D6E75F6A-847D-4829-8A81-2A6D0002591F}.Release|Any CPU.ActiveCfg = Release|Any CPU
		{D6E75F6A-847D-4829-8A81-2A6D0002591F}.Release|Any CPU.Build.0 = Release|Any CPU
		{D6E75F6A-847D-4829-8A81-2A6D0002591F}.Release|x64.ActiveCfg = Release|Any CPU
		{D6E75F6A-847D-4829-8A81-2A6D0002591F}.Release|x64.Build.0 = Release|Any CPU
		{D6E75F6A-847D-4829-8A81-2A6D0002591F}.Release|x86.ActiveCfg = Release|Any CPU
		{D6E75F6A-847D-4829-8A81-2A6D0002591F}.Release|x86.Build.0 = Release|Any CPU
		{6324EC5F-1EF3-407C-9569-19110269D5A9}.Debug|Any CPU.ActiveCfg = Debug|Any CPU
		{6324EC5F-1EF3-407C-9569-19110269D5A9}.Debug|Any CPU.Build.0 = Debug|Any CPU
		{6324EC5F-1EF3-407C-9569-19110269D5A9}.Debug|x64.ActiveCfg = Debug|Any CPU
		{6324EC5F-1EF3-407C-9569-19110269D5A9}.Debug|x64.Build.0 = Debug|Any CPU
		{6324EC5F-1EF3-407C-9569-19110269D5A9}.Debug|x86.ActiveCfg = Debug|Any CPU
		{6324EC5F-1EF3-407C-9569-19110269D5A9}.Debug|x86.Build.0 = Debug|Any CPU
		{6324EC5F-1EF3-407C-9569-19110269D5A9}.Release|Any CPU.ActiveCfg = Release|Any CPU
		{6324EC5F-1EF3-407C-9569-19110269D5A9}.Release|Any CPU.Build.0 = Release|Any CPU
		{6324EC5F-1EF3-407C-9569-19110269D5A9}.Release|x64.ActiveCfg = Release|Any CPU
		{6324EC5F-1EF3-407C-9569-19110269D5A9}.Release|x64.Build.0 = Release|Any CPU
		{6324EC5F-1EF3-407C-9569-19110269D5A9}.Release|x86.ActiveCfg = Release|Any CPU
		{6324EC5F-1EF3-407C-9569-19110269D5A9}.Release|x86.Build.0 = Release|Any CPU
		{5C4B1901-0961-4626-B16C-EC62A1AAAFEA}.Debug|Any CPU.ActiveCfg = Debug|Any CPU
		{5C4B1901-0961-4626-B16C-EC62A1AAAFEA}.Debug|Any CPU.Build.0 = Debug|Any CPU
		{5C4B1901-0961-4626-B16C-EC62A1AAAFEA}.Debug|x64.ActiveCfg = Debug|Any CPU
		{5C4B1901-0961-4626-B16C-EC62A1AAAFEA}.Debug|x64.Build.0 = Debug|Any CPU
		{5C4B1901-0961-4626-B16C-EC62A1AAAFEA}.Debug|x86.ActiveCfg = Debug|Any CPU
		{5C4B1901-0961-4626-B16C-EC62A1AAAFEA}.Debug|x86.Build.0 = Debug|Any CPU
		{5C4B1901-0961-4626-B16C-EC62A1AAAFEA}.Release|Any CPU.ActiveCfg = Release|Any CPU
		{5C4B1901-0961-4626-B16C-EC62A1AAAFEA}.Release|Any CPU.Build.0 = Release|Any CPU
		{5C4B1901-0961-4626-B16C-EC62A1AAAFEA}.Release|x64.ActiveCfg = Release|Any CPU
		{5C4B1901-0961-4626-B16C-EC62A1AAAFEA}.Release|x64.Build.0 = Release|Any CPU
		{5C4B1901-0961-4626-B16C-EC62A1AAAFEA}.Release|x86.ActiveCfg = Release|Any CPU
		{5C4B1901-0961-4626-B16C-EC62A1AAAFEA}.Release|x86.Build.0 = Release|Any CPU
		{8642705B-D4A8-4279-9F64-E8C92AA004FF}.Debug|Any CPU.ActiveCfg = Debug|Any CPU
		{8642705B-D4A8-4279-9F64-E8C92AA004FF}.Debug|Any CPU.Build.0 = Debug|Any CPU
		{8642705B-D4A8-4279-9F64-E8C92AA004FF}.Debug|x64.ActiveCfg = Debug|Any CPU
		{8642705B-D4A8-4279-9F64-E8C92AA004FF}.Debug|x64.Build.0 = Debug|Any CPU
		{8642705B-D4A8-4279-9F64-E8C92AA004FF}.Debug|x86.ActiveCfg = Debug|Any CPU
		{8642705B-D4A8-4279-9F64-E8C92AA004FF}.Debug|x86.Build.0 = Debug|Any CPU
		{8642705B-D4A8-4279-9F64-E8C92AA004FF}.Release|Any CPU.ActiveCfg = Release|Any CPU
		{8642705B-D4A8-4279-9F64-E8C92AA004FF}.Release|Any CPU.Build.0 = Release|Any CPU
		{8642705B-D4A8-4279-9F64-E8C92AA004FF}.Release|x64.ActiveCfg = Release|Any CPU
		{8642705B-D4A8-4279-9F64-E8C92AA004FF}.Release|x64.Build.0 = Release|Any CPU
		{8642705B-D4A8-4279-9F64-E8C92AA004FF}.Release|x86.ActiveCfg = Release|Any CPU
		{8642705B-D4A8-4279-9F64-E8C92AA004FF}.Release|x86.Build.0 = Release|Any CPU
		{C756C246-360D-45EA-BD89-FAC5EA3982C3}.Debug|Any CPU.ActiveCfg = Debug|Any CPU
		{C756C246-360D-45EA-BD89-FAC5EA3982C3}.Debug|Any CPU.Build.0 = Debug|Any CPU
		{C756C246-360D-45EA-BD89-FAC5EA3982C3}.Debug|x64.ActiveCfg = Debug|x64
		{C756C246-360D-45EA-BD89-FAC5EA3982C3}.Debug|x64.Build.0 = Debug|x64
		{C756C246-360D-45EA-BD89-FAC5EA3982C3}.Debug|x86.ActiveCfg = Debug|Any CPU
		{C756C246-360D-45EA-BD89-FAC5EA3982C3}.Debug|x86.Build.0 = Debug|Any CPU
		{C756C246-360D-45EA-BD89-FAC5EA3982C3}.Release|Any CPU.ActiveCfg = Release|Any CPU
		{C756C246-360D-45EA-BD89-FAC5EA3982C3}.Release|Any CPU.Build.0 = Release|Any CPU
		{C756C246-360D-45EA-BD89-FAC5EA3982C3}.Release|x64.ActiveCfg = Release|Any CPU
		{C756C246-360D-45EA-BD89-FAC5EA3982C3}.Release|x64.Build.0 = Release|Any CPU
		{C756C246-360D-45EA-BD89-FAC5EA3982C3}.Release|x86.ActiveCfg = Release|Any CPU
		{C756C246-360D-45EA-BD89-FAC5EA3982C3}.Release|x86.Build.0 = Release|Any CPU
		{5C51582D-A0AD-4ACF-BC6D-4424F1BA2037}.Debug|Any CPU.ActiveCfg = Debug|Any CPU
		{5C51582D-A0AD-4ACF-BC6D-4424F1BA2037}.Debug|Any CPU.Build.0 = Debug|Any CPU
		{5C51582D-A0AD-4ACF-BC6D-4424F1BA2037}.Debug|x64.ActiveCfg = Debug|Any CPU
		{5C51582D-A0AD-4ACF-BC6D-4424F1BA2037}.Debug|x64.Build.0 = Debug|Any CPU
		{5C51582D-A0AD-4ACF-BC6D-4424F1BA2037}.Debug|x86.ActiveCfg = Debug|Any CPU
		{5C51582D-A0AD-4ACF-BC6D-4424F1BA2037}.Debug|x86.Build.0 = Debug|Any CPU
		{5C51582D-A0AD-4ACF-BC6D-4424F1BA2037}.Release|Any CPU.ActiveCfg = Release|Any CPU
		{5C51582D-A0AD-4ACF-BC6D-4424F1BA2037}.Release|Any CPU.Build.0 = Release|Any CPU
		{5C51582D-A0AD-4ACF-BC6D-4424F1BA2037}.Release|x64.ActiveCfg = Release|Any CPU
		{5C51582D-A0AD-4ACF-BC6D-4424F1BA2037}.Release|x64.Build.0 = Release|Any CPU
		{5C51582D-A0AD-4ACF-BC6D-4424F1BA2037}.Release|x86.ActiveCfg = Release|Any CPU
		{5C51582D-A0AD-4ACF-BC6D-4424F1BA2037}.Release|x86.Build.0 = Release|Any CPU
	EndGlobalSection
	GlobalSection(SolutionProperties) = preSolution
		HideSolutionNode = FALSE
	EndGlobalSection
	GlobalSection(NestedProjects) = preSolution
		{148E7747-BF3F-4462-899D-5661CDB6FF04} = {542C6C2F-B3C7-4D33-A6DA-C02C1DE15125}
		{197126F5-DC70-47F6-AFE8-217159330F9E} = {4850D49A-8593-4252-AAED-AB527E643807}
		{B1509D82-BE4B-4EB2-A98D-EE0039D673BB} = {3049D991-617A-42F2-92D1-7FCD6DB14C23}
		{D6E75F6A-847D-4829-8A81-2A6D0002591F} = {3049D991-617A-42F2-92D1-7FCD6DB14C23}
		{6324EC5F-1EF3-407C-9569-19110269D5A9} = {542C6C2F-B3C7-4D33-A6DA-C02C1DE15125}
		{5C4B1901-0961-4626-B16C-EC62A1AAAFEA} = {542C6C2F-B3C7-4D33-A6DA-C02C1DE15125}
		{8642705B-D4A8-4279-9F64-E8C92AA004FF} = {4850D49A-8593-4252-AAED-AB527E643807}
		{C756C246-360D-45EA-BD89-FAC5EA3982C3} = {384F653F-F958-409E-864B-1D301D5FE0B6}
	EndGlobalSection
	GlobalSection(ExtensibilityGlobals) = postSolution
		SolutionGuid = {572445B4-E9D1-41F1-B0EE-6C9FE91423B3}
	EndGlobalSection
EndGlobal
